Microsoft Visual Studio Solution File, Format Version 12.00
# Visual Studio Version 17
VisualStudioVersion = 17.5.2.0
MinimumVisualStudioVersion = 10.0.40219.1
Project("{FAE04EC0-301F-11D3-BF4B-00C04F79EFBC}") = "henshi-api", "henshi-api.csproj", "{E52FDF8C-6E75-6A40-AE4E-9FF95C97299F}"
EndProject
Global
	GlobalSection(SolutionConfigurationPlatforms) = preSolution
		Debug|Any CPU = Debug|Any CPU
		Release|Any CPU = Release|Any CPU
	EndGlobalSection
	GlobalSection(ProjectConfigurationPlatforms) = postSolution
		{E52FDF8C-6E75-6A40-AE4E-9FF95C97299F}.Debug|Any CPU.ActiveCfg = Debug|Any CPU
		{E52FDF8C-6E75-6A40-AE4E-9FF95C97299F}.Debug|Any CPU.Build.0 = Debug|Any CPU
		{E52FDF8C-6E75-6A40-AE4E-9FF95C97299F}.Release|Any CPU.ActiveCfg = Release|Any CPU
		{E52FDF8C-6E75-6A40-AE4E-9FF95C97299F}.Release|Any CPU.Build.0 = Release|Any CPU
	EndGlobalSection
	GlobalSection(SolutionProperties) = preSolution
		HideSolutionNode = FALSE
	EndGlobalSection
	GlobalSection(ExtensibilityGlobals) = postSolution
		SolutionGuid = {27A6B48E-F0F1-4F84-8B22-9358B3933B92}
	EndGlobalSection
EndGlobal
